
Microsoft Visual Studio Solution File, Format Version 12.00
# Visual Studio Version 16
VisualStudioVersion = 16.0.29609.76
MinimumVisualStudioVersion = 10.0.40219.1
Project("{FAE04EC0-301F-11D3-BF4B-00C04F79EFBC}") = "ZTMeetings.Api", "ZTMeetings.Api\ZTMeetings.Api.csproj", "{DF10440E-677F-4BB7-9D6B-350E95F30FF1}"
EndProject
Project("{FAE04EC0-301F-11D3-BF4B-00C04F79EFBC}") = "ZTMeetings.Api.Specs", "ZTMeetings.Api.Specs\ZTMeetings.Api.Specs.csproj", "{F2CBE241-1399-44FC-A052-A505AC068CAF}"
EndProject
Project("{FAE04EC0-301F-11D3-BF4B-00C04F79EFBC}") = "ZTMeetings.Domain", "ZTMeetings.Domain\ZTMeetings.Domain.csproj", "{BA9D1634-34B6-4AE5-BB12-D206A1DB86E2}"
EndProject
Project("{FAE04EC0-301F-11D3-BF4B-00C04F79EFBC}") = "ZTMeetings.Domain.Tests", "ZTMeetings.Domain.Tests\ZTMeetings.Domain.Tests.csproj", "{0FB62711-4D31-47AB-A7B0-927C272D73DD}"
EndProject
Global
	GlobalSection(SolutionConfigurationPlatforms) = preSolution
		Debug|Any CPU = Debug|Any CPU
		Release|Any CPU = Release|Any CPU
	EndGlobalSection
	GlobalSection(ProjectConfigurationPlatforms) = postSolution
		{DF10440E-677F-4BB7-9D6B-350E95F30FF1}.Debug|Any CPU.ActiveCfg = Debug|Any CPU
		{DF10440E-677F-4BB7-9D6B-350E95F30FF1}.Debug|Any CPU.Build.0 = Debug|Any CPU
		{DF10440E-677F-4BB7-9D6B-350E95F30FF1}.Release|Any CPU.ActiveCfg = Release|Any CPU
		{DF10440E-677F-4BB7-9D6B-350E95F30FF1}.Release|Any CPU.Build.0 = Release|Any CPU
		{F2CBE241-1399-44FC-A052-A505AC068CAF}.Debug|Any CPU.ActiveCfg = Debug|Any CPU
		{F2CBE241-1399-44FC-A052-A505AC068CAF}.Debug|Any CPU.Build.0 = Debug|Any CPU
		{F2CBE241-1399-44FC-A052-A505AC068CAF}.Release|Any CPU.ActiveCfg = Release|Any CPU
		{F2CBE241-1399-44FC-A052-A505AC068CAF}.Release|Any CPU.Build.0 = Release|Any CPU
		{BA9D1634-34B6-4AE5-BB12-D206A1DB86E2}.Debug|Any CPU.ActiveCfg = Debug|Any CPU
		{BA9D1634-34B6-4AE5-BB12-D206A1DB86E2}.Debug|Any CPU.Build.0 = Debug|Any CPU
		{BA9D1634-34B6-4AE5-BB12-D206A1DB86E2}.Release|Any CPU.ActiveCfg = Release|Any CPU
		{BA9D1634-34B6-4AE5-BB12-D206A1DB86E2}.Release|Any CPU.Build.0 = Release|Any CPU
		{0FB62711-4D31-47AB-A7B0-927C272D73DD}.Debug|Any CPU.ActiveCfg = Debug|Any CPU
		{0FB62711-4D31-47AB-A7B0-927C272D73DD}.Debug|Any CPU.Build.0 = Debug|Any CPU
		{0FB62711-4D31-47AB-A7B0-927C272D73DD}.Release|Any CPU.ActiveCfg = Release|Any CPU
		{0FB62711-4D31-47AB-A7B0-927C272D73DD}.Release|Any CPU.Build.0 = Release|Any CPU
	EndGlobalSection
	GlobalSection(SolutionProperties) = preSolution
		HideSolutionNode = FALSE
	EndGlobalSection
	GlobalSection(ExtensibilityGlobals) = postSolution
		SolutionGuid = {FF0EEC42-6022-483F-857A-EEAAE4A35132}
	EndGlobalSection
EndGlobal
